{
  "name": "dsh-plugin-wallpaper-engine",
  "version": "0.8.8",
  "lockfileVersion": 3,
  "requires": true,
  "packages": {
    "": {
      "name": "dsh-plugin-wallpaper-engine",
      "version": "0.8.8",
      "license": "MIT",
      "dependencies": {
        "@shaderfrog/glsl-parser": "^7.0.1",
        "jpeg-js": "^0.4.4"
      },
      "peerDependencies": {
        "@deepseek-ai/cordis": "^4.0.1",
        "@deepseek-ai/dsh-client-runtime": ">=0.1.0-rc.6",
        "@deepseek-ai/dsh-client-ui-slots": ">=0.1.0-rc.6",
        "@deepseek-ai/dsh-host-webserver": ">=0.1.0-rc.6",
        "react": "^18.2.0"
      },
      "peerDependenciesMeta": {
        "@deepseek-ai/dsh-host-webserver": {
          "optional": true
        }
      }
    },
    "node_modules/@shaderfrog/glsl-parser": {
      "version": "7.0.1",
      "resolved": "https://registry.npmjs.org/@shaderfrog/glsl-parser/-/glsl-parser-7.0.1.tgz",
      "integrity": "sha512-8mpfsoPeRhesY3pOrzNZBL8uG6N5GVX1EHLBYbd4gzKs+c7vaEIqpTNK5VrffU33qQN4cwpP2v3u4aPPBU32sw==",
      "license": "ISC",
      "engines": {
        "node": ">=16"
      }
    },
    "node_modules/jpeg-js": {
      "version": "0.4.4",
      "resolved": "https://registry.npmjs.org/jpeg-js/-/jpeg-js-0.4.4.tgz",
      "integrity": "sha512-WZzeDOEtTOBK4Mdsar0IqEU5sMr3vSV2RqkAIzUEV2BHnUfKGyswWFPFwK5EeDo93K3FohSHbLAjj0s1Wzd+dg==",
      "license": "BSD-3-Clause"
    }
  }
}
